
Microsoft Visual Studio Solution File, Format Version 12.00
# Visual Studio Version 17
VisualStudioVersion = 17.0.31903.59
MinimumVisualStudioVersion = 10.0.40219.1
Project("{2150E333-8FDC-42A3-9474-1A3956D46DE8}") = "tests", "tests", "{8061A76B-1B85-4649-A667-6E7979ABA1AE}"
EndProject
Project("{2150E333-8FDC-42A3-9474-1A3956D46DE8}") = "sln", "sln", "{9F6D799F-2DCA-4F66-8123-2B267BF95A63}"
	ProjectSection(SolutionItems) = preProject
		.gitignore = .gitignore
		LICENSE = LICENSE
		pre-commit.sh = pre-commit.sh
		README.md = README.md
		setup.cmd = setup.cmd
		setup.sh = setup.sh
	EndProjectSection
EndProject
Project("{2150E333-8FDC-42A3-9474-1A3956D46DE8}") = "src", "src", "{412317F5-7FF4-4455-9C9D-CEAF7FE6E7B2}"
EndProject
Project("{9A19103F-16F7-4668-BE54-9A1E7A4F7556}") = "PackageRegistryService", "src\PackageRegistryService\PackageRegistryService.csproj", "{809F69D2-1740-425C-890A-566BF83993C6}"
EndProject
Project("{E53339B2-1760-4266-BCC7-CA923CBCF16C}") = "docker-compose", "docker-compose.dcproj", "{91911DC0-4736-4A1A-807C-FE9430899AB7}"
EndProject
Project("{2150E333-8FDC-42A3-9474-1A3956D46DE8}") = ".ci", ".ci", "{24F7CF58-94B9-4FB4-8A59-FD329B3C431D}"
	ProjectSection(SolutionItems) = preProject
		.github\workflows\add-issues-to-project.yml = .github\workflows\add-issues-to-project.yml
		.github\workflows\build-and-test-solution.yml = .github\workflows\build-and-test-solution.yml
		.github\workflows\pipeline.yml = .github\workflows\pipeline.yml
		.github\workflows\release-package.yml = .github\workflows\release-package.yml
	EndProjectSection
EndProject
Project("{9A19103F-16F7-4668-BE54-9A1E7A4F7556}") = "AVPRClient", "src\AVPRClient\AVPRClient.csproj", "{D1FABAC1-D0F2-4F6C-B975-236E9969FB38}"
EndProject
Project("{6EC3EE1D-3C4E-46DD-8F32-0CC8E7565705}") = "AVPRIndex", "src\AVPRIndex\AVPRIndex.fsproj", "{78A87C32-8957-468A-AFA6-3DCE8F826500}"
EndProject
Project("{6EC3EE1D-3C4E-46DD-8F32-0CC8E7565705}") = "ClientTests", "tests\ClientTests\ClientTests.fsproj", "{5276C97F-9F39-4F3D-8360-E2138FE57E35}"
EndProject
Project("{6EC3EE1D-3C4E-46DD-8F32-0CC8E7565705}") = "IndexTests", "tests\IndexTests\IndexTests.fsproj", "{5096B1A4-D041-4B04-8C90-47050CDBB7BF}"
EndProject
Project("{9A19103F-16F7-4668-BE54-9A1E7A4F7556}") = "APITests", "tests\APITests\APITests.csproj", "{72CBB4AF-511D-4A07-B41F-49A5F6F254F5}"
EndProject
Project("{2150E333-8FDC-42A3-9474-1A3956D46DE8}") = "scripts", "scripts", "{C4DBD5F6-4A14-44F4-9E5A-AC6B72AAEB81}"
	ProjectSection(SolutionItems) = preProject
		scripts\domain.fsx = scripts\domain.fsx
		scripts\generate-preview-index.fsx = scripts\generate-preview-index.fsx
		scripts\pre-publish-checks.fsx = scripts\pre-publish-checks.fsx
		scripts\publish-pending-packages.fsx = scripts\publish-pending-packages.fsx
		scripts\update-index.fsx = scripts\update-index.fsx
	EndProjectSection
EndProject
Global
	GlobalSection(SolutionConfigurationPlatforms) = preSolution
		Debug|Any CPU = Debug|Any CPU
		Release|Any CPU = Release|Any CPU
	EndGlobalSection
	GlobalSection(ProjectConfigurationPlatforms) = postSolution
		{809F69D2-1740-425C-890A-566BF83993C6}.Debug|Any CPU.ActiveCfg = Debug|Any CPU
		{809F69D2-1740-425C-890A-566BF83993C6}.Debug|Any CPU.Build.0 = Debug|Any CPU
		{809F69D2-1740-425C-890A-566BF83993C6}.Release|Any CPU.ActiveCfg = Release|Any CPU
		{809F69D2-1740-425C-890A-566BF83993C6}.Release|Any CPU.Build.0 = Release|Any CPU
		{91911DC0-4736-4A1A-807C-FE9430899AB7}.Debug|Any CPU.ActiveCfg = Debug|Any CPU
		{91911DC0-4736-4A1A-807C-FE9430899AB7}.Debug|Any CPU.Build.0 = Debug|Any CPU
		{91911DC0-4736-4A1A-807C-FE9430899AB7}.Release|Any CPU.ActiveCfg = Release|Any CPU
		{91911DC0-4736-4A1A-807C-FE9430899AB7}.Release|Any CPU.Build.0 = Release|Any CPU
		{D1FABAC1-D0F2-4F6C-B975-236E9969FB38}.Debug|Any CPU.ActiveCfg = Debug|Any CPU
		{D1FABAC1-D0F2-4F6C-B975-236E9969FB38}.Debug|Any CPU.Build.0 = Debug|Any CPU
		{D1FABAC1-D0F2-4F6C-B975-236E9969FB38}.Release|Any CPU.ActiveCfg = Release|Any CPU
		{D1FABAC1-D0F2-4F6C-B975-236E9969FB38}.Release|Any CPU.Build.0 = Release|Any CPU
		{78A87C32-8957-468A-AFA6-3DCE8F826500}.Debug|Any CPU.ActiveCfg = Debug|Any CPU
		{78A87C32-8957-468A-AFA6-3DCE8F826500}.Debug|Any CPU.Build.0 = Debug|Any CPU
		{78A87C32-8957-468A-AFA6-3DCE8F826500}.Release|Any CPU.ActiveCfg = Release|Any CPU
		{78A87C32-8957-468A-AFA6-3DCE8F826500}.Release|Any CPU.Build.0 = Release|Any CPU
		{5276C97F-9F39-4F3D-8360-E2138FE57E35}.Debug|Any CPU.ActiveCfg = Debug|Any CPU
		{5276C97F-9F39-4F3D-8360-E2138FE57E35}.Debug|Any CPU.Build.0 = Debug|Any CPU
		{5276C97F-9F39-4F3D-8360-E2138FE57E35}.Release|Any CPU.ActiveCfg = Release|Any CPU
		{5276C97F-9F39-4F3D-8360-E2138FE57E35}.Release|Any CPU.Build.0 = Release|Any CPU
		{5096B1A4-D041-4B04-8C90-47050CDBB7BF}.Debug|Any CPU.ActiveCfg = Debug|Any CPU
		{5096B1A4-D041-4B04-8C90-47050CDBB7BF}.Debug|Any CPU.Build.0 = Debug|Any CPU
		{5096B1A4-D041-4B04-8C90-47050CDBB7BF}.Release|Any CPU.ActiveCfg = Release|Any CPU
		{5096B1A4-D041-4B04-8C90-47050CDBB7BF}.Release|Any CPU.Build.0 = Release|Any CPU
		{72CBB4AF-511D-4A07-B41F-49A5F6F254F5}.Debug|Any CPU.ActiveCfg = Debug|Any CPU
		{72CBB4AF-511D-4A07-B41F-49A5F6F254F5}.Debug|Any CPU.Build.0 = Debug|Any CPU
		{72CBB4AF-511D-4A07-B41F-49A5F6F254F5}.Release|Any CPU.ActiveCfg = Release|Any CPU
		{72CBB4AF-511D-4A07-B41F-49A5F6F254F5}.Release|Any CPU.Build.0 = Release|Any CPU
	EndGlobalSection
	GlobalSection(SolutionProperties) = preSolution
		HideSolutionNode = FALSE
	EndGlobalSection
	GlobalSection(NestedProjects) = preSolution
		{809F69D2-1740-425C-890A-566BF83993C6} = {412317F5-7FF4-4455-9C9D-CEAF7FE6E7B2}
		{D1FABAC1-D0F2-4F6C-B975-236E9969FB38} = {412317F5-7FF4-4455-9C9D-CEAF7FE6E7B2}
		{78A87C32-8957-468A-AFA6-3DCE8F826500} = {412317F5-7FF4-4455-9C9D-CEAF7FE6E7B2}
		{5276C97F-9F39-4F3D-8360-E2138FE57E35} = {8061A76B-1B85-4649-A667-6E7979ABA1AE}
		{5096B1A4-D041-4B04-8C90-47050CDBB7BF} = {8061A76B-1B85-4649-A667-6E7979ABA1AE}
		{72CBB4AF-511D-4A07-B41F-49A5F6F254F5} = {8061A76B-1B85-4649-A667-6E7979ABA1AE}
		{C4DBD5F6-4A14-44F4-9E5A-AC6B72AAEB81} = {24F7CF58-94B9-4FB4-8A59-FD329B3C431D}
	EndGlobalSection
	GlobalSection(ExtensibilityGlobals) = postSolution
		SolutionGuid = {D95036E6-C4D5-4E93-8474-BA6F74965635}
	EndGlobalSection
EndGlobal
