
Microsoft Visual Studio Solution File, Format Version 12.00
# Visual Studio Version 17
VisualStudioVersion = 17.0.31903.59
MinimumVisualStudioVersion = 10.0.40219.1
Project("{2150E333-8FDC-42A3-9474-1A3956D46DE8}") = "tests", "tests", "{8061A76B-1B85-4649-A667-6E7979ABA1AE}"
EndProject
Project("{6EC3EE1D-3C4E-46DD-8F32-0CC8E7565705}") = "PackageTests", "tests\PackageTests\PackageTests.fsproj", "{C4D0490E-F8AF-43E6-9A1F-3844292D6247}"
EndProject
Project("{2150E333-8FDC-42A3-9474-1A3956D46DE8}") = "sln", "sln", "{9F6D799F-2DCA-4F66-8123-2B267BF95A63}"
	ProjectSection(SolutionItems) = preProject
		.gitignore = .gitignore
		LICENSE = LICENSE
		pre-commit.sh = pre-commit.sh
		README.md = README.md
		setup.cmd = setup.cmd
		setup.sh = setup.sh
		update-index.fsx = update-index.fsx
	EndProjectSection
EndProject
Project("{2150E333-8FDC-42A3-9474-1A3956D46DE8}") = "src", "src", "{412317F5-7FF4-4455-9C9D-CEAF7FE6E7B2}"
EndProject
Project("{9A19103F-16F7-4668-BE54-9A1E7A4F7556}") = "PackageRegistryService", "src\PackageRegistryService\PackageRegistryService.csproj", "{809F69D2-1740-425C-890A-566BF83993C6}"
EndProject
Project("{E53339B2-1760-4266-BCC7-CA923CBCF16C}") = "docker-compose", "docker-compose.dcproj", "{91911DC0-4736-4A1A-807C-FE9430899AB7}"
EndProject
Project("{2150E333-8FDC-42A3-9474-1A3956D46DE8}") = "index-workflow", "index-workflow", "{A5D4286F-B049-42B8-9A0F-C68C3692F72D}"
	ProjectSection(SolutionItems) = preProject
		src\PackageRegistryService\Data\arc-validate-package-index.json = src\PackageRegistryService\Data\arc-validate-package-index.json
		scripts\domain.fsx = scripts\domain.fsx
		pre-commit.sh = pre-commit.sh
		setup.cmd = setup.cmd
		setup.sh = setup.sh
		scripts\update-index.fsx = scripts\update-index.fsx
	EndProjectSection
EndProject
Project("{2150E333-8FDC-42A3-9474-1A3956D46DE8}") = ".ci", ".ci", "{24F7CF58-94B9-4FB4-8A59-FD329B3C431D}"
	ProjectSection(SolutionItems) = preProject
		.github\workflows\publish-pending-packages.yml = .github\workflows\publish-pending-packages.yml
		.github\workflows\update-docker-image.yml = .github\workflows\update-docker-image.yml
	EndProjectSection
EndProject
Project("{2150E333-8FDC-42A3-9474-1A3956D46DE8}") = "publish-workflow", "publish-workflow", "{B479BD02-0253-4CFA-B2AE-F29EC29C6B70}"
	ProjectSection(SolutionItems) = preProject
		scripts\domain.fsx = scripts\domain.fsx
		scripts\publish-pending-packages.fsx = scripts\publish-pending-packages.fsx
	EndProjectSection
EndProject
Project("{9A19103F-16F7-4668-BE54-9A1E7A4F7556}") = "AVPRClient", "src\AVPRClient\AVPRClient.csproj", "{D1FABAC1-D0F2-4F6C-B975-236E9969FB38}"
EndProject
Global
	GlobalSection(SolutionConfigurationPlatforms) = preSolution
		Debug|Any CPU = Debug|Any CPU
		Release|Any CPU = Release|Any CPU
	EndGlobalSection
	GlobalSection(ProjectConfigurationPlatforms) = postSolution
		{C4D0490E-F8AF-43E6-9A1F-3844292D6247}.Debug|Any CPU.ActiveCfg = Debug|Any CPU
		{C4D0490E-F8AF-43E6-9A1F-3844292D6247}.Debug|Any CPU.Build.0 = Debug|Any CPU
		{C4D0490E-F8AF-43E6-9A1F-3844292D6247}.Release|Any CPU.ActiveCfg = Release|Any CPU
		{C4D0490E-F8AF-43E6-9A1F-3844292D6247}.Release|Any CPU.Build.0 = Release|Any CPU
		{809F69D2-1740-425C-890A-566BF83993C6}.Debug|Any CPU.ActiveCfg = Debug|Any CPU
		{809F69D2-1740-425C-890A-566BF83993C6}.Debug|Any CPU.Build.0 = Debug|Any CPU
		{809F69D2-1740-425C-890A-566BF83993C6}.Release|Any CPU.ActiveCfg = Release|Any CPU
		{809F69D2-1740-425C-890A-566BF83993C6}.Release|Any CPU.Build.0 = Release|Any CPU
		{91911DC0-4736-4A1A-807C-FE9430899AB7}.Debug|Any CPU.ActiveCfg = Debug|Any CPU
		{91911DC0-4736-4A1A-807C-FE9430899AB7}.Debug|Any CPU.Build.0 = Debug|Any CPU
		{91911DC0-4736-4A1A-807C-FE9430899AB7}.Release|Any CPU.ActiveCfg = Release|Any CPU
		{91911DC0-4736-4A1A-807C-FE9430899AB7}.Release|Any CPU.Build.0 = Release|Any CPU
		{D1FABAC1-D0F2-4F6C-B975-236E9969FB38}.Debug|Any CPU.ActiveCfg = Debug|Any CPU
		{D1FABAC1-D0F2-4F6C-B975-236E9969FB38}.Debug|Any CPU.Build.0 = Debug|Any CPU
		{D1FABAC1-D0F2-4F6C-B975-236E9969FB38}.Release|Any CPU.ActiveCfg = Release|Any CPU
		{D1FABAC1-D0F2-4F6C-B975-236E9969FB38}.Release|Any CPU.Build.0 = Release|Any CPU
	EndGlobalSection
	GlobalSection(SolutionProperties) = preSolution
		HideSolutionNode = FALSE
	EndGlobalSection
	GlobalSection(NestedProjects) = preSolution
		{C4D0490E-F8AF-43E6-9A1F-3844292D6247} = {8061A76B-1B85-4649-A667-6E7979ABA1AE}
		{809F69D2-1740-425C-890A-566BF83993C6} = {412317F5-7FF4-4455-9C9D-CEAF7FE6E7B2}
		{D1FABAC1-D0F2-4F6C-B975-236E9969FB38} = {412317F5-7FF4-4455-9C9D-CEAF7FE6E7B2}
	EndGlobalSection
	GlobalSection(ExtensibilityGlobals) = postSolution
		SolutionGuid = {D95036E6-C4D5-4E93-8474-BA6F74965635}
	EndGlobalSection
EndGlobal
