
Microsoft Visual Studio Solution File, Format Version 12.00
# Visual Studio Version 17
VisualStudioVersion = 17.0.31903.59
MinimumVisualStudioVersion = 10.0.40219.1
Project("{6EC3EE1D-3C4E-46DD-8F32-0CC8E7565705}") = "AVPRIndex", "src\AVPRIndex\AVPRIndex.fsproj", "{720F8EF2-C0C8-44A8-9F53-34BB9C9A827A}"
EndProject
Project("{6EC3EE1D-3C4E-46DD-8F32-0CC8E7565705}") = "StagingAreaTests", "StagingAreaTests\StagingAreaTests.fsproj", "{510A5F69-72CD-4CBB-95BF-04E716585488}"
EndProject
Project("{6EC3EE1D-3C4E-46DD-8F32-0CC8E7565705}") = "IndexTests", "tests\IndexTests\IndexTests.fsproj", "{FA7524A5-3A92-4E33-8E28-726BA2E615D2}"
EndProject
Project("{6EC3EE1D-3C4E-46DD-8F32-0CC8E7565705}") = "AVPRCI", "src\AVPRCI\AVPRCI.fsproj", "{C1929D1B-10BD-4826-B2C5-413369B5FE2E}"
EndProject
Global
	GlobalSection(SolutionConfigurationPlatforms) = preSolution
		Debug|Any CPU = Debug|Any CPU
		Release|Any CPU = Release|Any CPU
	EndGlobalSection
	GlobalSection(ProjectConfigurationPlatforms) = postSolution
		{720F8EF2-C0C8-44A8-9F53-34BB9C9A827A}.Debug|Any CPU.ActiveCfg = Debug|Any CPU
		{720F8EF2-C0C8-44A8-9F53-34BB9C9A827A}.Debug|Any CPU.Build.0 = Debug|Any CPU
		{720F8EF2-C0C8-44A8-9F53-34BB9C9A827A}.Release|Any CPU.ActiveCfg = Release|Any CPU
		{720F8EF2-C0C8-44A8-9F53-34BB9C9A827A}.Release|Any CPU.Build.0 = Release|Any CPU
		{510A5F69-72CD-4CBB-95BF-04E716585488}.Debug|Any CPU.ActiveCfg = Debug|Any CPU
		{510A5F69-72CD-4CBB-95BF-04E716585488}.Debug|Any CPU.Build.0 = Debug|Any CPU
		{510A5F69-72CD-4CBB-95BF-04E716585488}.Release|Any CPU.ActiveCfg = Release|Any CPU
		{510A5F69-72CD-4CBB-95BF-04E716585488}.Release|Any CPU.Build.0 = Release|Any CPU
		{FA7524A5-3A92-4E33-8E28-726BA2E615D2}.Debug|Any CPU.ActiveCfg = Debug|Any CPU
		{FA7524A5-3A92-4E33-8E28-726BA2E615D2}.Debug|Any CPU.Build.0 = Debug|Any CPU
		{FA7524A5-3A92-4E33-8E28-726BA2E615D2}.Release|Any CPU.ActiveCfg = Release|Any CPU
		{FA7524A5-3A92-4E33-8E28-726BA2E615D2}.Release|Any CPU.Build.0 = Release|Any CPU
		{C1929D1B-10BD-4826-B2C5-413369B5FE2E}.Debug|Any CPU.ActiveCfg = Debug|Any CPU
		{C1929D1B-10BD-4826-B2C5-413369B5FE2E}.Debug|Any CPU.Build.0 = Debug|Any CPU
		{C1929D1B-10BD-4826-B2C5-413369B5FE2E}.Release|Any CPU.ActiveCfg = Release|Any CPU
		{C1929D1B-10BD-4826-B2C5-413369B5FE2E}.Release|Any CPU.Build.0 = Release|Any CPU
	EndGlobalSection
	GlobalSection(SolutionProperties) = preSolution
		HideSolutionNode = FALSE
	EndGlobalSection
EndGlobal
